
Microsoft Visual Studio Solution File, Format Version 12.00
# Visual Studio 14
VisualStudioVersion = 14.0.25420.1
MinimumVisualStudioVersion = 10.0.40219.1
Project("{8BB2217D-0F2D-49D1-97BC-3654ED321F3B}") = "EasyAdmin.Api", "EasyAdmin.Api\EasyAdmin.Api.xproj", "{84441F27-8CB9-4C70-A9A1-0CB1CDCDBAA3}"
EndProject
Project("{FAE04EC0-301F-11D3-BF4B-00C04F79EFBC}") = "EasyAdmin.Dao", "EasyAdmin.Dao\EasyAdmin.Dao.csproj", "{E6FF84D6-A7BB-4047-98F6-44E979920577}"
EndProject
Project("{FAE04EC0-301F-11D3-BF4B-00C04F79EFBC}") = "EasyAdmin.Dao.Models", "EasyAdmin.Dao.Models\EasyAdmin.Dao.Models.csproj", "{00564416-11E1-4DC0-ACB3-F9A850312B7A}"
EndProject
Project("{FAE04EC0-301F-11D3-BF4B-00C04F79EFBC}") = "EasyAdmin.Service", "EasyAdmin.Service\EasyAdmin.Service.csproj", "{356CEC9B-4A1D-4DC6-B14F-4580CA918734}"
EndProject
Project("{FAE04EC0-301F-11D3-BF4B-00C04F79EFBC}") = "EasyAdmin.Service.Interface", "EasyAdmin.Service.Interface\EasyAdmin.Service.Interface.csproj", "{7A9A07F9-5212-4C18-9777-CFF1712D4C15}"
EndProject
Project("{FAE04EC0-301F-11D3-BF4B-00C04F79EFBC}") = "EasyAdmin.Dao.Interface", "EasyAdmin.Dao.Interface\EasyAdmin.Dao.Interface.csproj", "{A510E5FB-37C5-491A-B1A2-AB23D39FC562}"
EndProject
Global
	GlobalSection(SolutionConfigurationPlatforms) = preSolution
		Debug|Any CPU = Debug|Any CPU
		Release|Any CPU = Release|Any CPU
	EndGlobalSection
	GlobalSection(ProjectConfigurationPlatforms) = postSolution
		{84441F27-8CB9-4C70-A9A1-0CB1CDCDBAA3}.Debug|Any CPU.ActiveCfg = Debug|Any CPU
		{84441F27-8CB9-4C70-A9A1-0CB1CDCDBAA3}.Debug|Any CPU.Build.0 = Debug|Any CPU
		{84441F27-8CB9-4C70-A9A1-0CB1CDCDBAA3}.Release|Any CPU.ActiveCfg = Release|Any CPU
		{84441F27-8CB9-4C70-A9A1-0CB1CDCDBAA3}.Release|Any CPU.Build.0 = Release|Any CPU
		{E6FF84D6-A7BB-4047-98F6-44E979920577}.Debug|Any CPU.ActiveCfg = Debug|Any CPU
		{E6FF84D6-A7BB-4047-98F6-44E979920577}.Debug|Any CPU.Build.0 = Debug|Any CPU
		{E6FF84D6-A7BB-4047-98F6-44E979920577}.Release|Any CPU.ActiveCfg = Release|Any CPU
		{E6FF84D6-A7BB-4047-98F6-44E979920577}.Release|Any CPU.Build.0 = Release|Any CPU
		{00564416-11E1-4DC0-ACB3-F9A850312B7A}.Debug|Any CPU.ActiveCfg = Debug|Any CPU
		{00564416-11E1-4DC0-ACB3-F9A850312B7A}.Debug|Any CPU.Build.0 = Debug|Any CPU
		{00564416-11E1-4DC0-ACB3-F9A850312B7A}.Release|Any CPU.ActiveCfg = Release|Any CPU
		{00564416-11E1-4DC0-ACB3-F9A850312B7A}.Release|Any CPU.Build.0 = Release|Any CPU
		{356CEC9B-4A1D-4DC6-B14F-4580CA918734}.Debug|Any CPU.ActiveCfg = Debug|Any CPU
		{356CEC9B-4A1D-4DC6-B14F-4580CA918734}.Debug|Any CPU.Build.0 = Debug|Any CPU
		{356CEC9B-4A1D-4DC6-B14F-4580CA918734}.Release|Any CPU.ActiveCfg = Release|Any CPU
		{356CEC9B-4A1D-4DC6-B14F-4580CA918734}.Release|Any CPU.Build.0 = Release|Any CPU
		{7A9A07F9-5212-4C18-9777-CFF1712D4C15}.Debug|Any CPU.ActiveCfg = Debug|Any CPU
		{7A9A07F9-5212-4C18-9777-CFF1712D4C15}.Debug|Any CPU.Build.0 = Debug|Any CPU
		{7A9A07F9-5212-4C18-9777-CFF1712D4C15}.Release|Any CPU.ActiveCfg = Release|Any CPU
		{7A9A07F9-5212-4C18-9777-CFF1712D4C15}.Release|Any CPU.Build.0 = Release|Any CPU
		{A510E5FB-37C5-491A-B1A2-AB23D39FC562}.Debug|Any CPU.ActiveCfg = Debug|Any CPU
		{A510E5FB-37C5-491A-B1A2-AB23D39FC562}.Debug|Any CPU.Build.0 = Debug|Any CPU
		{A510E5FB-37C5-491A-B1A2-AB23D39FC562}.Release|Any CPU.ActiveCfg = Release|Any CPU
		{A510E5FB-37C5-491A-B1A2-AB23D39FC562}.Release|Any CPU.Build.0 = Release|Any CPU
	EndGlobalSection
	GlobalSection(SolutionProperties) = preSolution
		HideSolutionNode = FALSE
	EndGlobalSection
EndGlobal
